// !$*UTF8*$!
{
	archiveVersion = 1;
	classes = {
	};
	objectVersion = 46;
	objects = {

/* Begin PBXBuildFile section */
		FBB426851E5FC85400CF4C1C /* AppDelegate.swift in Sources */ = {isa = PBXBuildFile; fileRef = FBB426841E5FC85400CF4C1C /* AppDelegate.swift */; };
		FBB426871E5FC85400CF4C1C /* ViewController.swift in Sources */ = {isa = PBXBuildFile; fileRef = FBB426861E5FC85400CF4C1C /* ViewController.swift */; };
		FBB4268A1E5FC85400CF4C1C /* Main.storyboard in Resources */ = {isa = PBXBuildFile; fileRef = FBB426881E5FC85400CF4C1C /* Main.storyboard */; };
		FBB4268C1E5FC85400CF4C1C /* Assets.xcassets in Resources */ = {isa = PBXBuildFile; fileRef = FBB4268B1E5FC85400CF4C1C /* Assets.xcassets */; };
		FBB4268F1E5FC85400CF4C1C /* LaunchScreen.storyboard in Resources */ = {isa = PBXBuildFile; fileRef = FBB4268D1E5FC85400CF4C1C /* LaunchScreen.storyboard */; };
		FBB426971E5FCBD600CF4C1C /* Elemento.swift in Sources */ = {isa = PBXBuildFile; fileRef = FBB426961E5FCBD600CF4C1C /* Elemento.swift */; };
		FBB426991E5FD02A00CF4C1C /* ElementoTableViewCell.swift in Sources */ = {isa = PBXBuildFile; fileRef = FBB426981E5FD02A00CF4C1C /* ElementoTableViewCell.swift */; };
/* End PBXBuildFile section */

/* Begin PBXFileReference section */
		FBB426811E5FC85400CF4C1C /* Clase1IOS-Modulo2-II.app */ = {isa = PBXFileReference; explicitFileType = wrapper.application; includeInIndex = 0; path = "Clase1IOS-Modulo2-II.app"; sourceTree = BUILT_PRODUCTS_DIR; };
		FBB426841E5FC85400CF4C1C /* AppDelegate.swift */ = {isa = PBXFileReference; lastKnownFileType = sourcecode.swift; path = AppDelegate.swift; sourceTree = "<group>"; };
		FBB426861E5FC85400CF4C1C /* ViewController.swift */ = {isa = PBXFileReference; lastKnownFileType = sourcecode.swift; path = ViewController.swift; sourceTree = "<group>"; };
		FBB426891E5FC85400CF4C1C /* Base */ = {isa = PBXFileReference; lastKnownFileType = file.storyboard; name = Base; path = Base.lproj/Main.storyboard; sourceTree = "<group>"; };
		FBB4268B1E5FC85400CF4C1C /* Assets.xcassets */ = {isa = PBXFileReference; lastKnownFileType = folder.assetcatalog; path = Assets.xcassets; sourceTree = "<group>"; };
		FBB4268E1E5FC85400CF4C1C /* Base */ = {isa = PBXFileReference; lastKnownFileType = file.storyboard; name = Base; path = Base.lproj/LaunchScreen.storyboard; sourceTree = "<group>"; };
		FBB426901E5FC85500CF4C1C /* Info.plist */ = {isa = PBXFileReference; lastKnownFileType = text.plist.xml; path = Info.plist; sourceTree = "<group>"; };
		FBB426961E5FCBD600CF4C1C /* Elemento.swift */ = {isa = PBXFileReference; fileEncoding = 4; lastKnownFileType = sourcecode.swift; path = Elemento.swift; sourceTree = "<group>"; };
		FBB426981E5FD02A00CF4C1C /* ElementoTableViewCell.swift */ = {isa = PBXFileReference; fileEncoding = 4; lastKnownFileType = sourcecode.swift; path = ElementoTableViewCell.swift; sourceTree = "<group>"; };
/* End PBXFileReference section */

/* Begin PBXFrameworksBuildPhase section */
		FBB4267E1E5FC85400CF4C1C /* Frameworks */ = {
			isa = PBXFrameworksBuildPhase;
			buildActionMask = 2147483647;
			files = (
			);
			runOnlyForDeploymentPostprocessing = 0;
		};
/* End PBXFrameworksBuildPhase section */

/* Begin PBXGroup section */
		FBB426781E5FC85300CF4C1C = {
			isa = PBXGroup;
			children = (
				FBB426831E5FC85400CF4C1C /* Clase1IOS-Modulo2-II */,
				FBB426821E5FC85400CF4C1C /* Products */,
			);
			sourceTree = "<group>";
		};
		FBB426821E5FC85400CF4C1C /* Products */ = {
			isa = PBXGroup;
			children = (
				FBB426811E5FC85400CF4C1C /* Clase1IOS-Modulo2-II.app */,
			);
			name = Products;
			sourceTree = "<group>";
		};
		FBB426831E5FC85400CF4C1C /* Clase1IOS-Modulo2-II */ = {
			isa = PBXGroup;
			children = (
				FBB426841E5FC85400CF4C1C /* AppDelegate.swift */,
				FBB426861E5FC85400CF4C1C /* ViewController.swift */,
				FBB426881E5FC85400CF4C1C /* Main.storyboard */,
				FBB4268B1E5FC85400CF4C1C /* Assets.xcassets */,
				FBB4268D1E5FC85400CF4C1C /* LaunchScreen.storyboard */,
				FBB426901E5FC85500CF4C1C /* Info.plist */,
				FBB426961E5FCBD600CF4C1C /* Elemento.swift */,
				FBB426981E5FD02A00CF4C1C /* ElementoTableViewCell.swift */,
			);
			path = "Clase1IOS-Modulo2-II";
			sourceTree = "<group>";
		};
/* End PBXGroup section */

/* Begin PBXNativeTarget section */
		FBB426801E5FC85400CF4C1C /* Clase1IOS-Modulo2-II */ = {
			isa = PBXNativeTarget;
			buildConfigurationList = FBB426931E5FC85500CF4C1C /* Build configuration list for PBXNativeTarget "Clase1IOS-Modulo2-II" */;
			buildPhases = (
				FBB4267D1E5FC85400CF4C1C /* Sources */,
				FBB4267E1E5FC85400CF4C1C /* Frameworks */,
				FBB4267F1E5FC85400CF4C1C /* Resources */,
			);
			buildRules = (
			);
			dependencies = (
			);
			name = "Clase1IOS-Modulo2-II";
			productName = "Clase1IOS-Modulo2-II";
			productReference = FBB426811E5FC85400CF4C1C /* Clase1IOS-Modulo2-II.app */;
			productType = "com.apple.product-type.application";
		};
/* End PBXNativeTarget section */

/* Begin PBXProject section */
		FBB426791E5FC85300CF4C1C /* Project object */ = {
			isa = PBXProject;
			attributes = {
				LastSwiftUpdateCheck = 0800;
				LastUpgradeCheck = 0800;
				ORGANIZATIONNAME = "Rocío Córdova";
				TargetAttributes = {
					FBB426801E5FC85400CF4C1C = {
						CreatedOnToolsVersion = 8.0;
						ProvisioningStyle = Automatic;
					};
				};
			};
			buildConfigurationList = FBB4267C1E5FC85300CF4C1C /* Build configuration list for PBXProject "Clase1IOS-Modulo2-II" */;
			compatibilityVersion = "Xcode 3.2";
			developmentRegion = English;
			hasScannedForEncodings = 0;
			knownRegions = (
				en,
				Base,
			);
			mainGroup = FBB426781E5FC85300CF4C1C;
			productRefGroup = FBB426821E5FC85400CF4C1C /* Products */;
			projectDirPath = "";
			projectRoot = "";
			targets = (
				FBB426801E5FC85400CF4C1C /* Clase1IOS-Modulo2-II */,
			);
		};
/* End PBXProject section */

/* Begin PBXResourcesBuildPhase section */
		FBB4267F1E5FC85400CF4C1C /* Resources */ = {
			isa = PBXResourcesBuildPhase;
			buildActionMask = 2147483647;
			files = (
				FBB4268F1E5FC85400CF4C1C /* LaunchScreen.storyboard in Resources */,
				FBB4268C1E5FC85400CF4C1C /* Assets.xcassets in Resources */,
				FBB4268A1E5FC85400CF4C1C /* Main.storyboard in Resources */,
			);
			runOnlyForDeploymentPostprocessing = 0;
		};
/* End PBXResourcesBuildPhase section */

/* Begin PBXSourcesBuildPhase section */
		FBB4267D1E5FC85400CF4C1C /* Sources */ = {
			isa = PBXSourcesBuildPhase;
			buildActionMask = 2147483647;
			files = (
				FBB426871E5FC85400CF4C1C /* ViewController.swift in Sources */,
				FBB426851E5FC85400CF4C1C /* AppDelegate.swift in Sources */,
				FBB426991E5FD02A00CF4C1C /* ElementoTableViewCell.swift in Sources */,
				FBB426971E5FCBD600CF4C1C /* Elemento.swift in Sources */,
			);
			runOnlyForDeploymentPostprocessing = 0;
		};
/* End PBXSourcesBuildPhase section */

/* Begin PBXVariantGroup section */
		FBB426881E5FC85400CF4C1C /* Main.storyboard */ = {
			isa = PBXVariantGroup;
			children = (
				FBB426891E5FC85400CF4C1C /* Base */,
			);
			name = Main.storyboard;
			sourceTree = "<group>";
		};
		FBB4268D1E5FC85400CF4C1C /* LaunchScreen.storyboard */ = {
			isa = PBXVariantGroup;
			children = (
				FBB4268E1E5FC85400CF4C1C /* Base */,
			);
			name = LaunchScreen.storyboard;
			sourceTree = "<group>";
		};
/* End PBXVariantGroup section */

/* Begin XCBuildConfiguration section */
		FBB426911E5FC85500CF4C1C /* Debug */ = {
			isa = XCBuildConfiguration;
			buildSettings = {
				ALWAYS_SEARCH_USER_PATHS = NO;
				CLANG_ANALYZER_NONNULL = YES;
				CLANG_CXX_LANGUAGE_STANDARD = "gnu++0x";
				CLANG_CXX_LIBRARY = "libc++";
				CLANG_ENABLE_MODULES = YES;
				CLANG_ENABLE_OBJC_ARC = YES;
				CLANG_WARN_BOOL_CONVERSION = YES;
				CLANG_WARN_CONSTANT_CONVERSION = YES;
				CLANG_WARN_DIRECT_OBJC_ISA_USAGE = YES_ERROR;
				CLANG_WARN_DOCUMENTATION_COMMENTS = YES;
				CLANG_WARN_EMPTY_BODY = YES;
				CLANG_WARN_ENUM_CONVERSION = YES;
				CLANG_WARN_INFINITE_RECURSION = YES;
				CLANG_WARN_INT_CONVERSION = YES;
				CLANG_WARN_OBJC_ROOT_CLASS = YES_ERROR;
				CLANG_WARN_SUSPICIOUS_MOVES = YES;
				CLANG_WARN_UNREACHABLE_CODE = YES;
				CLANG_WARN__DUPLICATE_METHOD_MATCH = YES;
				"CODE_SIGN_IDENTITY[sdk=iphoneos*]" = "iPhone Developer";
				COPY_PHASE_STRIP = NO;
				DEBUG_INFORMATION_FORMAT = dwarf;
				ENABLE_STRICT_OBJC_MSGSEND = YES;
				ENABLE_TESTABILITY = YES;
				GCC_C_LANGUAGE_STANDARD = gnu99;
				GCC_DYNAMIC_NO_PIC = NO;
				GCC_NO_COMMON_BLOCKS = YES;
				GCC_OPTIMIZATION_LEVEL = 0;
				GCC_PREPROCESSOR_DEFINITIONS = (
					"DEBUG=1",
					"$(inherited)",
				);
				GCC_WARN_64_TO_32_BIT_CONVERSION = YES;
				GCC_WARN_ABOUT_RETURN_TYPE = YES_ERROR;
				GCC_WARN_UNDECLARED_SELECTOR = YES;
				GCC_WARN_UNINITIALIZED_AUTOS = YES_AGGRESSIVE;
				GCC_WARN_UNUSED_FUNCTION = YES;
				GCC_WARN_UNUSED_VARIABLE = YES;
				IPHONEOS_DEPLOYMENT_TARGET = 10.0;
				MTL_ENABLE_DEBUG_INFO = YES;
				ONLY_ACTIVE_ARCH = YES;
				SDKROOT = iphoneos;
				SWIFT_ACTIVE_COMPILATION_CONDITIONS = DEBUG;
				SWIFT_OPTIMIZATION_LEVEL = "-Onone";
				TARGETED_DEVICE_FAMILY = "1,2";
			};
			name = Debug;
		};
		FBB426921E5FC85500CF4C1C /* Release */ = {
			isa = XCBuildConfiguration;
			buildSettings = {
				ALWAYS_SEARCH_USER_PATHS = NO;
				CLANG_ANALYZER_NONNULL = YES;
				CLANG_CXX_LANGUAGE_STANDARD = "gnu++0x";
				CLANG_CXX_LIBRARY = "libc++";
				CLANG_ENABLE_MODULES = YES;
				CLANG_ENABLE_OBJC_ARC = YES;
				CLANG_WARN_BOOL_CONVERSION = YES;
				CLANG_WARN_CONSTANT_CONVERSION = YES;
				CLANG_WARN_DIRECT_OBJC_ISA_USAGE = YES_ERROR;
				CLANG_WARN_DOCUMENTATION_COMMENTS = YES;
				CLANG_WARN_EMPTY_BODY = YES;
				CLANG_WARN_ENUM_CONVERSION = YES;
				CLANG_WARN_INFINITE_RECURSION = YES;
				CLANG_WARN_INT_CONVERSION = YES;
				CLANG_WARN_OBJC_ROOT_CLASS = YES_ERROR;
				CLANG_WARN_SUSPICIOUS_MOVES = YES;
				CLANG_WARN_UNREACHABLE_CODE = YES;
				CLANG_WARN__DUPLICATE_METHOD_MATCH = YES;
				"CODE_SIGN_IDENTITY[sdk=iphoneos*]" = "iPhone Developer";
				COPY_PHASE_STRIP = NO;
				DEBUG_INFORMATION_FORMAT = "dwarf-with-dsym";
				ENABLE_NS_ASSERTIONS = NO;
				ENABLE_STRICT_OBJC_MSGSEND = YES;
				GCC_C_LANGUAGE_STANDARD = gnu99;
				GCC_NO_COMMON_BLOCKS = YES;
				GCC_WARN_64_TO_32_BIT_CONVERSION = YES;
				GCC_WARN_ABOUT_RETURN_TYPE = YES_ERROR;
				GCC_WARN_UNDECLARED_SELECTOR = YES;
				GCC_WARN_UNINITIALIZED_AUTOS = YES_AGGRESSIVE;
				GCC_WARN_UNUSED_FUNCTION = YES;
				GCC_WARN_UNUSED_VARIABLE = YES;
				IPHONEOS_DEPLOYMENT_TARGET = 10.0;
				MTL_ENABLE_DEBUG_INFO = NO;
				SDKROOT = iphoneos;
				SWIFT_OPTIMIZATION_LEVEL = "-Owholemodule";
				TARGETED_DEVICE_FAMILY = "1,2";
				VALIDATE_PRODUCT = YES;
			};
			name = Release;
		};
		FBB426941E5FC85500CF4C1C /* Debug */ = {
			isa = XCBuildConfiguration;
			buildSettings = {
				ASSETCATALOG_COMPILER_APPICON_NAME = AppIcon;
				INFOPLIST_FILE = "Clase1IOS-Modulo2-II/Info.plist";
				LD_RUNPATH_SEARCH_PATHS = "$(inherited) @executable_path/Frameworks";
				PRODUCT_BUNDLE_IDENTIFIER = "pe.area51.Clase1IOS-Modulo2-II";
				PRODUCT_NAME = "$(TARGET_NAME)";
				SWIFT_VERSION = 3.0;
			};
			name = Debug;
		};
		FBB426951E5FC85500CF4C1C /* Release */ = {
			isa = XCBuildConfiguration;
			buildSettings = {
				ASSETCATALOG_COMPILER_APPICON_NAME = AppIcon;
				INFOPLIST_FILE = "Clase1IOS-Modulo2-II/Info.plist";
				LD_RUNPATH_SEARCH_PATHS = "$(inherited) @executable_path/Frameworks";
				PRODUCT_BUNDLE_IDENTIFIER = "pe.area51.Clase1IOS-Modulo2-II";
				PRODUCT_NAME = "$(TARGET_NAME)";
				SWIFT_VERSION = 3.0;
			};
			name = Release;
		};
/* End XCBuildConfiguration section */

/* Begin XCConfigurationList section */
		FBB4267C1E5FC85300CF4C1C /* Build configuration list for PBXProject "Clase1IOS-Modulo2-II" */ = {
			isa = XCConfigurationList;
			buildConfigurations = (
				FBB426911E5FC85500CF4C1C /* Debug */,
				FBB426921E5FC85500CF4C1C /* Release */,
			);
			defaultConfigurationIsVisible = 0;
			defaultConfigurationName = Release;
		};
		FBB426931E5FC85500CF4C1C /* Build configuration list for PBXNativeTarget "Clase1IOS-Modulo2-II" */ = {
			isa = XCConfigurationList;
			buildConfigurations = (
				FBB426941E5FC85500CF4C1C /* Debug */,
				FBB426951E5FC85500CF4C1C /* Release */,
			);
			defaultConfigurationIsVisible = 0;
		};
/* End XCConfigurationList section */
	};
	rootObject = FBB426791E5FC85300CF4C1C /* Project object */;
}
